
Microsoft Visual Studio Solution File, Format Version 12.00
# Visual Studio Version 16
VisualStudioVersion = 16.0.28606.126
MinimumVisualStudioVersion = 10.0.40219.1
Project("{9A19103F-16F7-4668-BE54-9A1E7A4F7556}") = "PocClearScriptRitaJs", "PocClearScriptRitaJs\PocClearScriptRitaJs.csproj", "{4FB4429E-25EF-45F8-BBD8-B71650789988}"
EndProject
Project("{9092AA53-FB77-4645-B42D-1CCCA6BD08BD}") = "RitaApplication", "RitaApplication\RitaApplication.njsproj", "{22EE639A-2C60-419E-87FE-AECE57B5EC20}"
EndProject
Global
	GlobalSection(SolutionConfigurationPlatforms) = preSolution
		Debug|Any CPU = Debug|Any CPU
		Release|Any CPU = Release|Any CPU
	EndGlobalSection
	GlobalSection(ProjectConfigurationPlatforms) = postSolution
		{4FB4429E-25EF-45F8-BBD8-B71650789988}.Debug|Any CPU.ActiveCfg = Debug|Any CPU
		{4FB4429E-25EF-45F8-BBD8-B71650789988}.Debug|Any CPU.Build.0 = Debug|Any CPU
		{4FB4429E-25EF-45F8-BBD8-B71650789988}.Release|Any CPU.ActiveCfg = Release|Any CPU
		{4FB4429E-25EF-45F8-BBD8-B71650789988}.Release|Any CPU.Build.0 = Release|Any CPU
		{22EE639A-2C60-419E-87FE-AECE57B5EC20}.Debug|Any CPU.ActiveCfg = Debug|Any CPU
		{22EE639A-2C60-419E-87FE-AECE57B5EC20}.Debug|Any CPU.Build.0 = Debug|Any CPU
		{22EE639A-2C60-419E-87FE-AECE57B5EC20}.Release|Any CPU.ActiveCfg = Release|Any CPU
		{22EE639A-2C60-419E-87FE-AECE57B5EC20}.Release|Any CPU.Build.0 = Release|Any CPU
	EndGlobalSection
	GlobalSection(SolutionProperties) = preSolution
		HideSolutionNode = FALSE
	EndGlobalSection
	GlobalSection(ExtensibilityGlobals) = postSolution
		SolutionGuid = {10523B17-478E-4B11-85AE-15FDB75302FA}
	EndGlobalSection
EndGlobal
